{
    "_readme": [
        "This file locks the dependencies of your project to a known state",
        "Read more about it at https://getcomposer.org/doc/01-basic-usage.md#installing-dependencies",
        "This file is @generated automatically"
    ],
    "content-hash": "44aaaee5a0f5ba8e5a16b64f21dca160",
    "packages": [
        {
            "name": "composer/installers",
            "version": "v1.11.0",
            "source": {
                "type": "git",
                "url": "https://github.com/composer/installers.git",
                "reference": "ae03311f45dfe194412081526be2e003960df74b"
            },
            "dist": {
                "type": "zip",
                "url": "https://api.github.com/repos/composer/installers/zipball/ae03311f45dfe194412081526be2e003960df74b",
                "reference": "ae03311f45dfe194412081526be2e003960df74b",
                "shasum": ""
            },
            "require": {
                "composer-plugin-api": "^1.0 || ^2.0"
            },
            "replace": {
                "roundcube/plugin-installer": "*",
                "shama/baton": "*"
            },
            "require-dev": {
                "composer/composer": "1.6.* || ^2.0",
                "composer/semver": "^1 || ^3",
                "phpstan/phpstan": "^0.12.55",
                "phpstan/phpstan-phpunit": "^0.12.16",
                "symfony/phpunit-bridge": "^4.2 || ^5",
                "symfony/process": "^2.3"
            },
            "type": "composer-plugin",
            "extra": {
                "class": "Composer\\Installers\\Plugin",
                "branch-alias": {
                    "dev-main": "1.x-dev"
                }
            },
            "autoload": {
                "psr-4": {
                    "Composer\\Installers\\": "src/Composer/Installers"
                }
            },
            "notification-url": "https://packagist.org/downloads/",
            "license": [
                "MIT"
            ],
            "authors": [
                {
                    "name": "Kyle Robinson Young",
                    "email": "kyle@dontkry.com",
                    "homepage": "https://github.com/shama"
                }
            ],
            "description": "A multi-framework Composer library installer",
            "homepage": "https://composer.github.io/installers/",
            "keywords": [
                "Craft",
                "Dolibarr",
                "Eliasis",
                "Hurad",
                "ImageCMS",
                "Kanboard",
                "Lan Management System",
                "MODX Evo",
                "MantisBT",
                "Mautic",
                "Maya",
                "OXID",
                "Plentymarkets",
                "Porto",
                "RadPHP",
                "SMF",
                "Starbug",
                "Thelia",
                "Whmcs",
                "WolfCMS",
                "agl",
                "aimeos",
                "annotatecms",
                "attogram",
                "bitrix",
                "cakephp",
                "chef",
                "cockpit",
                "codeigniter",
                "concrete5",
                "croogo",
                "dokuwiki",
                "drupal",
                "eZ Platform",
                "elgg",
                "expressionengine",
                "fuelphp",
                "grav",
                "installer",
                "itop",
                "joomla",
                "known",
                "kohana",
                "laravel",
                "lavalite",
                "lithium",
                "magento",
                "majima",
                "mako",
                "mediawiki",
                "miaoxing",
                "modulework",
                "modx",
                "moodle",
                "osclass",
                "phpbb",
                "piwik",
                "ppi",
                "processwire",
                "puppet",
                "pxcms",
                "reindex",
                "roundcube",
                "shopware",
                "silverstripe",
                "sydes",
                "sylius",
                "symfony",
                "tastyigniter",
                "typo3",
                "wordpress",
                "yawik",
                "zend",
                "zikula"
            ],
            "support": {
                "issues": "https://github.com/composer/installers/issues",
                "source": "https://github.com/composer/installers/tree/v1.11.0"
            },
            "funding": [
                {
                    "url": "https://packagist.com",
                    "type": "custom"
                },
                {
                    "url": "https://github.com/composer",
                    "type": "github"
                },
                {
                    "url": "https://tidelift.com/funding/github/packagist/composer/composer",
                    "type": "tidelift"
                }
            ],
            "time": "2021-04-28T06:42:17+00:00"
        },
        {
            "name": "ocdladefense/appserver-car",
            "version": "dev-development",
            "source": {
                "type": "git",
                "url": "https://github.com/ocdladefense/appserver-car.git",
                "reference": "5f6861ba9e2c90134faf986915cb8fb8d54cbb42"
            },
            "dist": {
                "type": "zip",
                "url": "https://api.github.com/repos/ocdladefense/appserver-car/zipball/5f6861ba9e2c90134faf986915cb8fb8d54cbb42",
                "reference": "5f6861ba9e2c90134faf986915cb8fb8d54cbb42",
                "shasum": ""
            },
            "default-branch": true,
            "type": "wordpress-theme",
            "notification-url": "https://packagist.org/downloads/",
            "license": [
                "MIT"
            ],
            "authors": [
                {
                    "name": "TrevorUehlin",
                    "email": "trevoruehlinx1@gmail.com"
                }
            ],
            "description": "A module for viewing and managing case review data.",
            "support": {
                "issues": "https://github.com/ocdladefense/appserver-car/issues",
                "source": "https://github.com/ocdladefense/appserver-car/tree/development"
            },
            "time": "2021-07-16T16:17:56+00:00"
        },
        {
            "name": "ocdladefense/appserver-directory",
            "version": "dev-development",
            "source": {
                "type": "git",
                "url": "https://github.com/ocdladefense/appserver-directory.git",
                "reference": "e2d94a88f5c56b101f8e4e22b9103cab78e3e666"
            },
            "dist": {
                "type": "zip",
                "url": "https://api.github.com/repos/ocdladefense/appserver-directory/zipball/e2d94a88f5c56b101f8e4e22b9103cab78e3e666",
                "reference": "e2d94a88f5c56b101f8e4e22b9103cab78e3e666",
                "shasum": ""
            },
            "type": "wordpress-theme",
            "notification-url": "https://packagist.org/downloads/",
            "license": [
                "MIT"
            ],
            "authors": [
                {
                    "name": "TrevorUehlin",
                    "email": "trevoruehlinx1@gmail.com"
                }
            ],
            "description": "A module for viewing member and expert witnesses within the OCDLA orginization.",
            "support": {
                "issues": "https://github.com/ocdladefense/appserver-directory/issues",
                "source": "https://github.com/ocdladefense/appserver-directory/tree/development"
            },
            "time": "2021-07-19T20:45:47+00:00"
        },
        {
            "name": "ocdladefense/appserver-jobs",
            "version": "dev-development",
            "source": {
                "type": "git",
                "url": "https://github.com/ocdladefense/appserver-jobs.git",
                "reference": "5e590caada98d25c42a7d6521752e8b2e398b4c2"
            },
            "dist": {
                "type": "zip",
                "url": "https://api.github.com/repos/ocdladefense/appserver-jobs/zipball/5e590caada98d25c42a7d6521752e8b2e398b4c2",
                "reference": "5e590caada98d25c42a7d6521752e8b2e398b4c2",
                "shasum": ""
            },
            "type": "wordpress-theme",
            "notification-url": "https://packagist.org/downloads/",
            "license": [
                "MIT"
            ],
            "authors": [
                {
                    "name": "TrevorUehlin",
                    "email": "trevoruehlinx1@gmail.com"
                }
            ],
            "description": "A module for viewing and managing OCDLA job postings.",
            "support": {
                "issues": "https://github.com/ocdladefense/appserver-jobs/issues",
                "source": "https://github.com/ocdladefense/appserver-jobs/tree/development"
            },
            "time": "2021-07-13T23:25:30+00:00"
        },
        {
            "name": "ocdladefense/lib-drag-drop-upload",
            "version": "dev-development",
            "source": {
                "type": "git",
                "url": "https://github.com/ocdladefense/lib-drag-drop-upload.git",
                "reference": "9cee9a2cda3d1c6f0e88e51f1b1e00d682a3bcea"
            },
            "dist": {
                "type": "zip",
                "url": "https://api.github.com/repos/ocdladefense/lib-drag-drop-upload/zipball/9cee9a2cda3d1c6f0e88e51f1b1e00d682a3bcea",
                "reference": "9cee9a2cda3d1c6f0e88e51f1b1e00d682a3bcea",
                "shasum": ""
            },
            "require": {
                "composer/installers": "~1.0"
            },
            "type": "wordpress-theme",
            "notification-url": "https://packagist.org/downloads/",
            "authors": [
                {
                    "name": "Trevor Uehlin",
                    "email": "trevoruehlinx1@gmail.com"
                }
            ],
            "description": "A drag and drop file uploader.",
            "support": {
                "issues": "https://github.com/ocdladefense/lib-drag-drop-upload/issues",
                "source": "https://github.com/ocdladefense/lib-drag-drop-upload/tree/development"
            },
            "time": "2021-05-18T17:46:53+00:00"
        },
        {
            "name": "ocdladefense/lib-oauth-config",
            "version": "v2.1.1",
            "source": {
                "type": "git",
                "url": "https://github.com/ocdladefense/lib-oauth-config.git",
                "reference": "0156d8208ae2a48ae238cd6c71b2b40bde7ef89b"
            },
            "dist": {
                "type": "zip",
                "url": "https://api.github.com/repos/ocdladefense/lib-oauth-config/zipball/0156d8208ae2a48ae238cd6c71b2b40bde7ef89b",
                "reference": "0156d8208ae2a48ae238cd6c71b2b40bde7ef89b",
                "shasum": ""
            },
            "require": {
                "composer/installers": "~1.0"
            },
            "type": "library",
            "autoload": {
                "classmap": [
                    "src/"
                ]
            },
            "notification-url": "https://packagist.org/downloads/",
            "description": "Classes to enable parsing of oauth schemas.",
            "support": {
                "issues": "https://github.com/ocdladefense/lib-oauth-config/issues",
                "source": "https://github.com/ocdladefense/lib-oauth-config/tree/v2.1.1"
            },
            "time": "2021-04-20T21:19:09+00:00"
        }
    ],
    "packages-dev": [],
    "aliases": [],
    "minimum-stability": "dev",
    "stability-flags": {
        "ocdladefense/lib-drag-drop-upload": 20,
        "ocdladefense/appserver-car": 20,
        "ocdladefense/appserver-directory": 20,
        "ocdladefense/appserver-jobs": 20
    },
    "prefer-stable": true,
    "prefer-lowest": false,
    "platform": [],
    "platform-dev": [],
    "plugin-api-version": "2.0.0"
}
