{
    "_readme": [
        "This file locks the dependencies of your project to a known state",
        "Read more about it at https://getcomposer.org/doc/01-basic-usage.md#installing-dependencies",
        "This file is @generated automatically"
    ],
    "content-hash": "b79243bc32dc7e68a7f13ced861e6079",
    "packages": [
        {
            "name": "brick/math",
            "version": "0.9.3",
            "source": {
                "type": "git",
                "url": "https://github.com/brick/math.git",
                "reference": "ca57d18f028f84f777b2168cd1911b0dee2343ae"
            },
            "dist": {
                "type": "zip",
                "url": "https://api.github.com/repos/brick/math/zipball/ca57d18f028f84f777b2168cd1911b0dee2343ae",
                "reference": "ca57d18f028f84f777b2168cd1911b0dee2343ae",
                "shasum": ""
            },
            "require": {
                "ext-json": "*",
                "php": "^7.1 || ^8.0"
            },
            "require-dev": {
                "php-coveralls/php-coveralls": "^2.2",
                "phpunit/phpunit": "^7.5.15 || ^8.5 || ^9.0",
                "vimeo/psalm": "4.9.2"
            },
            "type": "library",
            "autoload": {
                "psr-4": {
                    "Brick\\Math\\": "src/"
                }
            },
            "notification-url": "https://packagist.org/downloads/",
            "license": [
                "MIT"
            ],
            "description": "Arbitrary-precision arithmetic library",
            "keywords": [
                "Arbitrary-precision",
                "BigInteger",
                "BigRational",
                "arithmetic",
                "bigdecimal",
                "bignum",
                "brick",
                "math"
            ],
            "support": {
                "issues": "https://github.com/brick/math/issues",
                "source": "https://github.com/brick/math/tree/0.9.3"
            },
            "funding": [
                {
                    "url": "https://github.com/BenMorel",
                    "type": "github"
                },
                {
                    "url": "https://tidelift.com/funding/github/packagist/brick/math",
                    "type": "tidelift"
                }
            ],
            "time": "2021-08-15T20:50:18+00:00"
        },
        {
            "name": "composer/installers",
            "version": "v1.12.0",
            "source": {
                "type": "git",
                "url": "https://github.com/composer/installers.git",
                "reference": "d20a64ed3c94748397ff5973488761b22f6d3f19"
            },
            "dist": {
                "type": "zip",
                "url": "https://api.github.com/repos/composer/installers/zipball/d20a64ed3c94748397ff5973488761b22f6d3f19",
                "reference": "d20a64ed3c94748397ff5973488761b22f6d3f19",
                "shasum": ""
            },
            "require": {
                "composer-plugin-api": "^1.0 || ^2.0"
            },
            "replace": {
                "roundcube/plugin-installer": "*",
                "shama/baton": "*"
            },
            "require-dev": {
                "composer/composer": "1.6.* || ^2.0",
                "composer/semver": "^1 || ^3",
                "phpstan/phpstan": "^0.12.55",
                "phpstan/phpstan-phpunit": "^0.12.16",
                "symfony/phpunit-bridge": "^4.2 || ^5",
                "symfony/process": "^2.3"
            },
            "type": "composer-plugin",
            "extra": {
                "class": "Composer\\Installers\\Plugin",
                "branch-alias": {
                    "dev-main": "1.x-dev"
                }
            },
            "autoload": {
                "psr-4": {
                    "Composer\\Installers\\": "src/Composer/Installers"
                }
            },
            "notification-url": "https://packagist.org/downloads/",
            "license": [
                "MIT"
            ],
            "authors": [
                {
                    "name": "Kyle Robinson Young",
                    "email": "kyle@dontkry.com",
                    "homepage": "https://github.com/shama"
                }
            ],
            "description": "A multi-framework Composer library installer",
            "homepage": "https://composer.github.io/installers/",
            "keywords": [
                "Craft",
                "Dolibarr",
                "Eliasis",
                "Hurad",
                "ImageCMS",
                "Kanboard",
                "Lan Management System",
                "MODX Evo",
                "MantisBT",
                "Mautic",
                "Maya",
                "OXID",
                "Plentymarkets",
                "Porto",
                "RadPHP",
                "SMF",
                "Starbug",
                "Thelia",
                "Whmcs",
                "WolfCMS",
                "agl",
                "aimeos",
                "annotatecms",
                "attogram",
                "bitrix",
                "cakephp",
                "chef",
                "cockpit",
                "codeigniter",
                "concrete5",
                "croogo",
                "dokuwiki",
                "drupal",
                "eZ Platform",
                "elgg",
                "expressionengine",
                "fuelphp",
                "grav",
                "installer",
                "itop",
                "joomla",
                "known",
                "kohana",
                "laravel",
                "lavalite",
                "lithium",
                "magento",
                "majima",
                "mako",
                "mediawiki",
                "miaoxing",
                "modulework",
                "modx",
                "moodle",
                "osclass",
                "pantheon",
                "phpbb",
                "piwik",
                "ppi",
                "processwire",
                "puppet",
                "pxcms",
                "reindex",
                "roundcube",
                "shopware",
                "silverstripe",
                "sydes",
                "sylius",
                "symfony",
                "tastyigniter",
                "typo3",
                "wordpress",
                "yawik",
                "zend",
                "zikula"
            ],
            "support": {
                "issues": "https://github.com/composer/installers/issues",
                "source": "https://github.com/composer/installers/tree/v1.12.0"
            },
            "funding": [
                {
                    "url": "https://packagist.com",
                    "type": "custom"
                },
                {
                    "url": "https://github.com/composer",
                    "type": "github"
                },
                {
                    "url": "https://tidelift.com/funding/github/packagist/composer/composer",
                    "type": "tidelift"
                }
            ],
            "time": "2021-09-13T08:19:44+00:00"
        },
        {
            "name": "ocdladefense/appserver-car",
            "version": "dev-development",
            "source": {
                "type": "git",
                "url": "https://github.com/ocdladefense/appserver-car.git",
                "reference": "6a4a2b92e3d5b441b1da0b8c2809f8d8cee5fc22"
            },
            "dist": {
                "type": "zip",
                "url": "https://api.github.com/repos/ocdladefense/appserver-car/zipball/6a4a2b92e3d5b441b1da0b8c2809f8d8cee5fc22",
                "reference": "6a4a2b92e3d5b441b1da0b8c2809f8d8cee5fc22",
                "shasum": ""
            },
            "require": {
                "ocdladefense/lib-database": "dev-development",
                "ocdladefense/lib-date": "dev-development",
                "ocdladefense/lib-gis": "dev-development"
            },
            "default-branch": true,
            "type": "wordpress-theme",
            "autoload": {
                "classmap": [
                    "components/"
                ]
            },
            "notification-url": "https://packagist.org/downloads/",
            "license": [
                "MIT"
            ],
            "authors": [
                {
                    "name": "TrevorUehlin",
                    "email": "trevoruehlinx1@gmail.com"
                }
            ],
            "description": "A module for viewing and managing case review data.",
            "support": {
                "issues": "https://github.com/ocdladefense/appserver-car/issues",
                "source": "https://github.com/ocdladefense/appserver-car/tree/development"
            },
            "time": "2022-03-08T16:58:24+00:00"
        },
        {
            "name": "ocdladefense/appserver-directory",
            "version": "dev-development",
            "source": {
                "type": "git",
                "url": "https://github.com/ocdladefense/appserver-directory.git",
                "reference": "10040ce2eb456feee4d67e18912631cfdebd9e50"
            },
            "dist": {
                "type": "zip",
                "url": "https://api.github.com/repos/ocdladefense/appserver-directory/zipball/10040ce2eb456feee4d67e18912631cfdebd9e50",
                "reference": "10040ce2eb456feee4d67e18912631cfdebd9e50",
                "shasum": ""
            },
            "require": {
                "ocdladefense/lib-salesforce": "dev-development",
                "ocdladefense/lib-salesforce-rest-api": "dev-development"
            },
            "type": "wordpress-theme",
            "notification-url": "https://packagist.org/downloads/",
            "license": [
                "MIT"
            ],
            "authors": [
                {
                    "name": "TrevorUehlin",
                    "email": "trevoruehlinx1@gmail.com"
                }
            ],
            "description": "A module for viewing member and expert witnesses within the OCDLA orginization.",
            "support": {
                "issues": "https://github.com/ocdladefense/appserver-directory/issues",
                "source": "https://github.com/ocdladefense/appserver-directory/tree/development"
            },
            "time": "2022-03-02T16:21:36+00:00"
        },
        {
            "name": "ocdladefense/appserver-jobs",
            "version": "dev-development",
            "source": {
                "type": "git",
                "url": "https://github.com/ocdladefense/appserver-jobs.git",
                "reference": "148e6a000809a062e63964a32460d52cfb8bd2f3"
            },
            "dist": {
                "type": "zip",
                "url": "https://api.github.com/repos/ocdladefense/appserver-jobs/zipball/148e6a000809a062e63964a32460d52cfb8bd2f3",
                "reference": "148e6a000809a062e63964a32460d52cfb8bd2f3",
                "shasum": ""
            },
            "require": {
                "ocdladefense/lib-salesforce": "dev-development",
                "ocdladefense/lib-salesforce-rest-api": "dev-development"
            },
            "type": "wordpress-theme",
            "notification-url": "https://packagist.org/downloads/",
            "license": [
                "MIT"
            ],
            "authors": [
                {
                    "name": "TrevorUehlin",
                    "email": "trevoruehlinx1@gmail.com"
                }
            ],
            "description": "A module for viewing and managing OCDLA job postings.",
            "support": {
                "issues": "https://github.com/ocdladefense/appserver-jobs/issues",
                "source": "https://github.com/ocdladefense/appserver-jobs/tree/development"
            },
            "time": "2022-03-02T16:36:06+00:00"
        },
        {
            "name": "ocdladefense/appserver-sphinx-search",
            "version": "dev-development",
            "source": {
                "type": "git",
                "url": "https://github.com/ocdladefense/appserver-sphinx-search.git",
                "reference": "2f8d3f9ae4e35f5d181205fa05071987cb496dc5"
            },
            "dist": {
                "type": "zip",
                "url": "https://api.github.com/repos/ocdladefense/appserver-sphinx-search/zipball/2f8d3f9ae4e35f5d181205fa05071987cb496dc5",
                "reference": "2f8d3f9ae4e35f5d181205fa05071987cb496dc5",
                "shasum": ""
            },
            "require": {
                "ocdladefense/lib-sphinx-search": "dev-development"
            },
            "type": "wordpress-theme",
            "notification-url": "https://packagist.org/downloads/",
            "description": "Module to implement the Sphinx fulltext search engine.",
            "support": {
                "issues": "https://github.com/ocdladefense/appserver-sphinx-search/issues",
                "source": "https://github.com/ocdladefense/appserver-sphinx-search/tree/development"
            },
            "time": "2022-03-03T23:01:50+00:00"
        },
        {
            "name": "ocdladefense/appserver-theme-default",
            "version": "dev-development",
            "source": {
                "type": "git",
                "url": "https://github.com/ocdladefense/appserver-theme-default.git",
                "reference": "db8594f19345334c7d1e7d40cf519657a7b914c9"
            },
            "dist": {
                "type": "zip",
                "url": "https://api.github.com/repos/ocdladefense/appserver-theme-default/zipball/db8594f19345334c7d1e7d40cf519657a7b914c9",
                "reference": "db8594f19345334c7d1e7d40cf519657a7b914c9",
                "shasum": ""
            },
            "type": "wordpress-theme",
            "autoload": {
                "classmap": [
                    "components/"
                ]
            },
            "notification-url": "https://packagist.org/downloads/",
            "license": [
                "MIT"
            ],
            "authors": [
                {
                    "name": "Jose Bernal",
                    "email": "jbernal.web.dev@gmail.com"
                }
            ],
            "description": "A default theme for the OCDLA appserver.",
            "support": {
                "issues": "https://github.com/ocdladefense/appserver-theme-default/issues",
                "source": "https://github.com/ocdladefense/appserver-theme-default/tree/development"
            },
            "time": "2022-03-07T20:44:48+00:00"
        },
        {
            "name": "ocdladefense/appserver-xml-products",
            "version": "dev-development",
            "source": {
                "type": "git",
                "url": "https://github.com/ocdladefense/appserver-xml-products.git",
                "reference": "263ddcde0a27e2b147da622cc1f5fff5a44cf938"
            },
            "dist": {
                "type": "zip",
                "url": "https://api.github.com/repos/ocdladefense/appserver-xml-products/zipball/263ddcde0a27e2b147da622cc1f5fff5a44cf938",
                "reference": "263ddcde0a27e2b147da622cc1f5fff5a44cf938",
                "shasum": ""
            },
            "require": {
                "ramsey/uuid": "^4.2"
            },
            "type": "wordpress-theme",
            "notification-url": "https://packagist.org/downloads/",
            "license": [
                "MIT"
            ],
            "support": {
                "issues": "https://github.com/ocdladefense/appserver-xml-products/issues",
                "source": "https://github.com/ocdladefense/appserver-xml-products/tree/development"
            },
            "time": "2022-03-06T00:13:39+00:00"
        },
        {
            "name": "ocdladefense/lib-database",
            "version": "dev-development",
            "source": {
                "type": "git",
                "url": "https://github.com/ocdladefense/lib-database.git",
                "reference": "dcfb32be30466ffb584a682cd6a4bd4a96345448"
            },
            "dist": {
                "type": "zip",
                "url": "https://api.github.com/repos/ocdladefense/lib-database/zipball/dcfb32be30466ffb584a682cd6a4bd4a96345448",
                "reference": "dcfb32be30466ffb584a682cd6a4bd4a96345448",
                "shasum": ""
            },
            "type": "library",
            "autoload": {
                "files": [
                    "mysql/Database.php",
                    "QueryBuilderBase.php",
                    "DbException.php",
                    "IDbResult.php",
                    "QueryException.php"
                ],
                "classmap": [
                    "mysql/",
                    "salesforce/"
                ]
            },
            "notification-url": "https://packagist.org/downloads/",
            "description": "A PHP databse library.",
            "support": {
                "issues": "https://github.com/ocdladefense/lib-database/issues",
                "source": "https://github.com/ocdladefense/lib-database/tree/development"
            },
            "time": "2022-01-26T22:22:03+00:00"
        },
        {
            "name": "ocdladefense/lib-date",
            "version": "dev-development",
            "source": {
                "type": "git",
                "url": "https://github.com/ocdladefense/lib-date.git",
                "reference": "0043bdc957aee81da8d18fa648f834419585ca25"
            },
            "dist": {
                "type": "zip",
                "url": "https://api.github.com/repos/ocdladefense/lib-date/zipball/0043bdc957aee81da8d18fa648f834419585ca25",
                "reference": "0043bdc957aee81da8d18fa648f834419585ca25",
                "shasum": ""
            },
            "type": "library",
            "autoload": {
                "classmap": [
                    "src/"
                ]
            },
            "notification-url": "https://packagist.org/downloads/",
            "description": "Library for using Dates as types.",
            "support": {
                "issues": "https://github.com/ocdladefense/lib-date/issues",
                "source": "https://github.com/ocdladefense/lib-date/tree/development"
            },
            "time": "2022-03-05T21:01:25+00:00"
        },
        {
            "name": "ocdladefense/lib-drag-drop-upload",
            "version": "dev-development",
            "source": {
                "type": "git",
                "url": "https://github.com/ocdladefense/lib-drag-drop-upload.git",
                "reference": "2e2ff08cd6cba16c26808dbe81326700a6c32f40"
            },
            "dist": {
                "type": "zip",
                "url": "https://api.github.com/repos/ocdladefense/lib-drag-drop-upload/zipball/2e2ff08cd6cba16c26808dbe81326700a6c32f40",
                "reference": "2e2ff08cd6cba16c26808dbe81326700a6c32f40",
                "shasum": ""
            },
            "require": {
                "composer/installers": "~1.0"
            },
            "type": "library",
            "notification-url": "https://packagist.org/downloads/",
            "authors": [
                {
                    "name": "Trevor Uehlin",
                    "email": "trevoruehlinx1@gmail.com"
                }
            ],
            "description": "A drag and drop file uploader.",
            "support": {
                "issues": "https://github.com/ocdladefense/lib-drag-drop-upload/issues",
                "source": "https://github.com/ocdladefense/lib-drag-drop-upload/tree/development"
            },
            "time": "2021-08-18T20:39:00+00:00"
        },
        {
            "name": "ocdladefense/lib-gis",
            "version": "dev-development",
            "source": {
                "type": "git",
                "url": "https://github.com/ocdladefense/lib-gis.git",
                "reference": "8babbe5ce9dbc042257758d7395ff6d632b019df"
            },
            "dist": {
                "type": "zip",
                "url": "https://api.github.com/repos/ocdladefense/lib-gis/zipball/8babbe5ce9dbc042257758d7395ff6d632b019df",
                "reference": "8babbe5ce9dbc042257758d7395ff6d632b019df",
                "shasum": ""
            },
            "type": "library",
            "autoload": {
                "classmap": [
                    "src/"
                ]
            },
            "notification-url": "https://packagist.org/downloads/",
            "description": "GIS data, especialy for Oregon.",
            "support": {
                "issues": "https://github.com/ocdladefense/lib-gis/issues",
                "source": "https://github.com/ocdladefense/lib-gis/tree/development"
            },
            "time": "2022-03-08T04:29:11+00:00"
        },
        {
            "name": "ocdladefense/lib-http",
            "version": "v3.6.5",
            "source": {
                "type": "git",
                "url": "https://github.com/ocdladefense/lib-http.git",
                "reference": "bd7cb2cdd418a68c102985ef03b6f077d53876c2"
            },
            "dist": {
                "type": "zip",
                "url": "https://api.github.com/repos/ocdladefense/lib-http/zipball/bd7cb2cdd418a68c102985ef03b6f077d53876c2",
                "reference": "bd7cb2cdd418a68c102985ef03b6f077d53876c2",
                "shasum": ""
            },
            "type": "library",
            "autoload": {
                "files": [
                    "src/HttpConstants.php"
                ],
                "classmap": [
                    "src/"
                ]
            },
            "notification-url": "https://packagist.org/downloads/",
            "license": [
                "MIT"
            ],
            "authors": [
                {
                    "name": "Jose Bernal",
                    "email": "jbernal.web.dev@gmail.com"
                }
            ],
            "description": "PHP wrapper classes for curl functions.",
            "support": {
                "issues": "https://github.com/ocdladefense/lib-http/issues",
                "source": "https://github.com/ocdladefense/lib-http/tree/v3.6.5"
            },
            "time": "2022-03-02T02:18:13+00:00"
        },
        {
            "name": "ocdladefense/lib-oauth-config",
            "version": "v2.1.1",
            "source": {
                "type": "git",
                "url": "https://github.com/ocdladefense/lib-oauth-config.git",
                "reference": "0156d8208ae2a48ae238cd6c71b2b40bde7ef89b"
            },
            "dist": {
                "type": "zip",
                "url": "https://api.github.com/repos/ocdladefense/lib-oauth-config/zipball/0156d8208ae2a48ae238cd6c71b2b40bde7ef89b",
                "reference": "0156d8208ae2a48ae238cd6c71b2b40bde7ef89b",
                "shasum": ""
            },
            "require": {
                "composer/installers": "~1.0"
            },
            "type": "library",
            "autoload": {
                "classmap": [
                    "src/"
                ]
            },
            "notification-url": "https://packagist.org/downloads/",
            "description": "Classes to enable parsing of oauth schemas.",
            "support": {
                "issues": "https://github.com/ocdladefense/lib-oauth-config/issues",
                "source": "https://github.com/ocdladefense/lib-oauth-config/tree/v2.1.1"
            },
            "time": "2021-04-20T21:19:09+00:00"
        },
        {
            "name": "ocdladefense/lib-salesforce",
            "version": "dev-development",
            "source": {
                "type": "git",
                "url": "https://github.com/ocdladefense/lib-salesforce-sobject.git",
                "reference": "41aa51ac4ac4586a5823ff0c6009e14311a1a3b3"
            },
            "dist": {
                "type": "zip",
                "url": "https://api.github.com/repos/ocdladefense/lib-salesforce-sobject/zipball/41aa51ac4ac4586a5823ff0c6009e14311a1a3b3",
                "reference": "41aa51ac4ac4586a5823ff0c6009e14311a1a3b3",
                "shasum": ""
            },
            "type": "library",
            "autoload": {
                "classmap": [
                    "src/"
                ]
            },
            "notification-url": "https://packagist.org/downloads/",
            "license": [
                "MIT"
            ],
            "authors": [
                {
                    "name": "Jose Bernal",
                    "email": "jbernal.web.dev@gmail.com"
                }
            ],
            "description": "PHP wrapper classes for SObjects functions.",
            "support": {
                "issues": "https://github.com/ocdladefense/lib-salesforce-sobject/issues",
                "source": "https://github.com/ocdladefense/lib-salesforce-sobject/tree/development"
            },
            "time": "2022-03-02T16:27:58+00:00"
        },
        {
            "name": "ocdladefense/lib-salesforce-rest-api",
            "version": "dev-development",
            "source": {
                "type": "git",
                "url": "https://github.com/ocdladefense/lib-salesforce-rest-api.git",
                "reference": "58680ed858d0422a0fc760d4529ea06c9f98e5d4"
            },
            "dist": {
                "type": "zip",
                "url": "https://api.github.com/repos/ocdladefense/lib-salesforce-rest-api/zipball/58680ed858d0422a0fc760d4529ea06c9f98e5d4",
                "reference": "58680ed858d0422a0fc760d4529ea06c9f98e5d4",
                "shasum": ""
            },
            "require": {
                "ocdladefense/lib-http": "~3.0",
                "ocdladefense/lib-oauth-config": "~2.0"
            },
            "type": "library",
            "autoload": {
                "classmap": [
                    "src/",
                    "models/"
                ]
            },
            "notification-url": "https://packagist.org/downloads/",
            "description": "OCDLA plugin accesses.",
            "support": {
                "issues": "https://github.com/ocdladefense/lib-salesforce-rest-api/issues",
                "source": "https://github.com/ocdladefense/lib-salesforce-rest-api/tree/development"
            },
            "time": "2022-02-21T21:47:35+00:00"
        },
        {
            "name": "ocdladefense/lib-sphinx-search",
            "version": "dev-development",
            "source": {
                "type": "git",
                "url": "https://github.com/ocdladefense/lib-sphinx-search.git",
                "reference": "4b7ab22ca39ae0fcc882296d74248c0102bd4f5e"
            },
            "dist": {
                "type": "zip",
                "url": "https://api.github.com/repos/ocdladefense/lib-sphinx-search/zipball/4b7ab22ca39ae0fcc882296d74248c0102bd4f5e",
                "reference": "4b7ab22ca39ae0fcc882296d74248c0102bd4f5e",
                "shasum": ""
            },
            "type": "library",
            "autoload": {
                "files": [
                    "lib/sphinxapi.php"
                ],
                "classmap": [
                    "src/"
                ]
            },
            "notification-url": "https://packagist.org/downloads/",
            "license": [
                "MIT"
            ],
            "authors": [
                {
                    "name": "Jose Bernal",
                    "email": "jbernal.web.dev@gmail.com"
                }
            ],
            "description": "PHP wrapper classes for performing Sphinx fulltext searches.",
            "support": {
                "issues": "https://github.com/ocdladefense/lib-sphinx-search/issues",
                "source": "https://github.com/ocdladefense/lib-sphinx-search/tree/development"
            },
            "time": "2022-02-16T21:22:33+00:00"
        },
        {
            "name": "ramsey/collection",
            "version": "1.2.2",
            "source": {
                "type": "git",
                "url": "https://github.com/ramsey/collection.git",
                "reference": "cccc74ee5e328031b15640b51056ee8d3bb66c0a"
            },
            "dist": {
                "type": "zip",
                "url": "https://api.github.com/repos/ramsey/collection/zipball/cccc74ee5e328031b15640b51056ee8d3bb66c0a",
                "reference": "cccc74ee5e328031b15640b51056ee8d3bb66c0a",
                "shasum": ""
            },
            "require": {
                "php": "^7.3 || ^8",
                "symfony/polyfill-php81": "^1.23"
            },
            "require-dev": {
                "captainhook/captainhook": "^5.3",
                "dealerdirect/phpcodesniffer-composer-installer": "^0.7.0",
                "ergebnis/composer-normalize": "^2.6",
                "fakerphp/faker": "^1.5",
                "hamcrest/hamcrest-php": "^2",
                "jangregor/phpstan-prophecy": "^0.8",
                "mockery/mockery": "^1.3",
                "phpspec/prophecy-phpunit": "^2.0",
                "phpstan/extension-installer": "^1",
                "phpstan/phpstan": "^0.12.32",
                "phpstan/phpstan-mockery": "^0.12.5",
                "phpstan/phpstan-phpunit": "^0.12.11",
                "phpunit/phpunit": "^8.5 || ^9",
                "psy/psysh": "^0.10.4",
                "slevomat/coding-standard": "^6.3",
                "squizlabs/php_codesniffer": "^3.5",
                "vimeo/psalm": "^4.4"
            },
            "type": "library",
            "autoload": {
                "psr-4": {
                    "Ramsey\\Collection\\": "src/"
                }
            },
            "notification-url": "https://packagist.org/downloads/",
            "license": [
                "MIT"
            ],
            "authors": [
                {
                    "name": "Ben Ramsey",
                    "email": "ben@benramsey.com",
                    "homepage": "https://benramsey.com"
                }
            ],
            "description": "A PHP library for representing and manipulating collections.",
            "keywords": [
                "array",
                "collection",
                "hash",
                "map",
                "queue",
                "set"
            ],
            "support": {
                "issues": "https://github.com/ramsey/collection/issues",
                "source": "https://github.com/ramsey/collection/tree/1.2.2"
            },
            "funding": [
                {
                    "url": "https://github.com/ramsey",
                    "type": "github"
                },
                {
                    "url": "https://tidelift.com/funding/github/packagist/ramsey/collection",
                    "type": "tidelift"
                }
            ],
            "time": "2021-10-10T03:01:02+00:00"
        },
        {
            "name": "ramsey/uuid",
            "version": "4.2.3",
            "source": {
                "type": "git",
                "url": "https://github.com/ramsey/uuid.git",
                "reference": "fc9bb7fb5388691fd7373cd44dcb4d63bbcf24df"
            },
            "dist": {
                "type": "zip",
                "url": "https://api.github.com/repos/ramsey/uuid/zipball/fc9bb7fb5388691fd7373cd44dcb4d63bbcf24df",
                "reference": "fc9bb7fb5388691fd7373cd44dcb4d63bbcf24df",
                "shasum": ""
            },
            "require": {
                "brick/math": "^0.8 || ^0.9",
                "ext-json": "*",
                "php": "^7.2 || ^8.0",
                "ramsey/collection": "^1.0",
                "symfony/polyfill-ctype": "^1.8",
                "symfony/polyfill-php80": "^1.14"
            },
            "replace": {
                "rhumsaa/uuid": "self.version"
            },
            "require-dev": {
                "captainhook/captainhook": "^5.10",
                "captainhook/plugin-composer": "^5.3",
                "dealerdirect/phpcodesniffer-composer-installer": "^0.7.0",
                "doctrine/annotations": "^1.8",
                "ergebnis/composer-normalize": "^2.15",
                "mockery/mockery": "^1.3",
                "moontoast/math": "^1.1",
                "paragonie/random-lib": "^2",
                "php-mock/php-mock": "^2.2",
                "php-mock/php-mock-mockery": "^1.3",
                "php-parallel-lint/php-parallel-lint": "^1.1",
                "phpbench/phpbench": "^1.0",
                "phpstan/extension-installer": "^1.0",
                "phpstan/phpstan": "^0.12",
                "phpstan/phpstan-mockery": "^0.12",
                "phpstan/phpstan-phpunit": "^0.12",
                "phpunit/phpunit": "^8.5 || ^9",
                "slevomat/coding-standard": "^7.0",
                "squizlabs/php_codesniffer": "^3.5",
                "vimeo/psalm": "^4.9"
            },
            "suggest": {
                "ext-bcmath": "Enables faster math with arbitrary-precision integers using BCMath.",
                "ext-ctype": "Enables faster processing of character classification using ctype functions.",
                "ext-gmp": "Enables faster math with arbitrary-precision integers using GMP.",
                "ext-uuid": "Enables the use of PeclUuidTimeGenerator and PeclUuidRandomGenerator.",
                "paragonie/random-lib": "Provides RandomLib for use with the RandomLibAdapter",
                "ramsey/uuid-doctrine": "Allows the use of Ramsey\\Uuid\\Uuid as Doctrine field type."
            },
            "type": "library",
            "extra": {
                "branch-alias": {
                    "dev-main": "4.x-dev"
                },
                "captainhook": {
                    "force-install": true
                }
            },
            "autoload": {
                "files": [
                    "src/functions.php"
                ],
                "psr-4": {
                    "Ramsey\\Uuid\\": "src/"
                }
            },
            "notification-url": "https://packagist.org/downloads/",
            "license": [
                "MIT"
            ],
            "description": "A PHP library for generating and working with universally unique identifiers (UUIDs).",
            "keywords": [
                "guid",
                "identifier",
                "uuid"
            ],
            "support": {
                "issues": "https://github.com/ramsey/uuid/issues",
                "source": "https://github.com/ramsey/uuid/tree/4.2.3"
            },
            "funding": [
                {
                    "url": "https://github.com/ramsey",
                    "type": "github"
                },
                {
                    "url": "https://tidelift.com/funding/github/packagist/ramsey/uuid",
                    "type": "tidelift"
                }
            ],
            "time": "2021-09-25T23:10:38+00:00"
        },
        {
            "name": "symfony/polyfill-ctype",
            "version": "v1.25.0",
            "source": {
                "type": "git",
                "url": "https://github.com/symfony/polyfill-ctype.git",
                "reference": "30885182c981ab175d4d034db0f6f469898070ab"
            },
            "dist": {
                "type": "zip",
                "url": "https://api.github.com/repos/symfony/polyfill-ctype/zipball/30885182c981ab175d4d034db0f6f469898070ab",
                "reference": "30885182c981ab175d4d034db0f6f469898070ab",
                "shasum": ""
            },
            "require": {
                "php": ">=7.1"
            },
            "provide": {
                "ext-ctype": "*"
            },
            "suggest": {
                "ext-ctype": "For best performance"
            },
            "type": "library",
            "extra": {
                "branch-alias": {
                    "dev-main": "1.23-dev"
                },
                "thanks": {
                    "name": "symfony/polyfill",
                    "url": "https://github.com/symfony/polyfill"
                }
            },
            "autoload": {
                "files": [
                    "bootstrap.php"
                ],
                "psr-4": {
                    "Symfony\\Polyfill\\Ctype\\": ""
                }
            },
            "notification-url": "https://packagist.org/downloads/",
            "license": [
                "MIT"
            ],
            "authors": [
                {
                    "name": "Gert de Pagter",
                    "email": "BackEndTea@gmail.com"
                },
                {
                    "name": "Symfony Community",
                    "homepage": "https://symfony.com/contributors"
                }
            ],
            "description": "Symfony polyfill for ctype functions",
            "homepage": "https://symfony.com",
            "keywords": [
                "compatibility",
                "ctype",
                "polyfill",
                "portable"
            ],
            "support": {
                "source": "https://github.com/symfony/polyfill-ctype/tree/v1.25.0"
            },
            "funding": [
                {
                    "url": "https://symfony.com/sponsor",
                    "type": "custom"
                },
                {
                    "url": "https://github.com/fabpot",
                    "type": "github"
                },
                {
                    "url": "https://tidelift.com/funding/github/packagist/symfony/symfony",
                    "type": "tidelift"
                }
            ],
            "time": "2021-10-20T20:35:02+00:00"
        },
        {
            "name": "symfony/polyfill-php80",
            "version": "v1.25.0",
            "source": {
                "type": "git",
                "url": "https://github.com/symfony/polyfill-php80.git",
                "reference": "4407588e0d3f1f52efb65fbe92babe41f37fe50c"
            },
            "dist": {
                "type": "zip",
                "url": "https://api.github.com/repos/symfony/polyfill-php80/zipball/4407588e0d3f1f52efb65fbe92babe41f37fe50c",
                "reference": "4407588e0d3f1f52efb65fbe92babe41f37fe50c",
                "shasum": ""
            },
            "require": {
                "php": ">=7.1"
            },
            "type": "library",
            "extra": {
                "branch-alias": {
                    "dev-main": "1.23-dev"
                },
                "thanks": {
                    "name": "symfony/polyfill",
                    "url": "https://github.com/symfony/polyfill"
                }
            },
            "autoload": {
                "files": [
                    "bootstrap.php"
                ],
                "psr-4": {
                    "Symfony\\Polyfill\\Php80\\": ""
                },
                "classmap": [
                    "Resources/stubs"
                ]
            },
            "notification-url": "https://packagist.org/downloads/",
            "license": [
                "MIT"
            ],
            "authors": [
                {
                    "name": "Ion Bazan",
                    "email": "ion.bazan@gmail.com"
                },
                {
                    "name": "Nicolas Grekas",
                    "email": "p@tchwork.com"
                },
                {
                    "name": "Symfony Community",
                    "homepage": "https://symfony.com/contributors"
                }
            ],
            "description": "Symfony polyfill backporting some PHP 8.0+ features to lower PHP versions",
            "homepage": "https://symfony.com",
            "keywords": [
                "compatibility",
                "polyfill",
                "portable",
                "shim"
            ],
            "support": {
                "source": "https://github.com/symfony/polyfill-php80/tree/v1.25.0"
            },
            "funding": [
                {
                    "url": "https://symfony.com/sponsor",
                    "type": "custom"
                },
                {
                    "url": "https://github.com/fabpot",
                    "type": "github"
                },
                {
                    "url": "https://tidelift.com/funding/github/packagist/symfony/symfony",
                    "type": "tidelift"
                }
            ],
            "time": "2022-03-04T08:16:47+00:00"
        },
        {
            "name": "symfony/polyfill-php81",
            "version": "v1.25.0",
            "source": {
                "type": "git",
                "url": "https://github.com/symfony/polyfill-php81.git",
                "reference": "5de4ba2d41b15f9bd0e19b2ab9674135813ec98f"
            },
            "dist": {
                "type": "zip",
                "url": "https://api.github.com/repos/symfony/polyfill-php81/zipball/5de4ba2d41b15f9bd0e19b2ab9674135813ec98f",
                "reference": "5de4ba2d41b15f9bd0e19b2ab9674135813ec98f",
                "shasum": ""
            },
            "require": {
                "php": ">=7.1"
            },
            "type": "library",
            "extra": {
                "branch-alias": {
                    "dev-main": "1.23-dev"
                },
                "thanks": {
                    "name": "symfony/polyfill",
                    "url": "https://github.com/symfony/polyfill"
                }
            },
            "autoload": {
                "files": [
                    "bootstrap.php"
                ],
                "psr-4": {
                    "Symfony\\Polyfill\\Php81\\": ""
                },
                "classmap": [
                    "Resources/stubs"
                ]
            },
            "notification-url": "https://packagist.org/downloads/",
            "license": [
                "MIT"
            ],
            "authors": [
                {
                    "name": "Nicolas Grekas",
                    "email": "p@tchwork.com"
                },
                {
                    "name": "Symfony Community",
                    "homepage": "https://symfony.com/contributors"
                }
            ],
            "description": "Symfony polyfill backporting some PHP 8.1+ features to lower PHP versions",
            "homepage": "https://symfony.com",
            "keywords": [
                "compatibility",
                "polyfill",
                "portable",
                "shim"
            ],
            "support": {
                "source": "https://github.com/symfony/polyfill-php81/tree/v1.25.0"
            },
            "funding": [
                {
                    "url": "https://symfony.com/sponsor",
                    "type": "custom"
                },
                {
                    "url": "https://github.com/fabpot",
                    "type": "github"
                },
                {
                    "url": "https://tidelift.com/funding/github/packagist/symfony/symfony",
                    "type": "tidelift"
                }
            ],
            "time": "2021-09-13T13:58:11+00:00"
        }
    ],
    "packages-dev": [],
    "aliases": [],
    "minimum-stability": "dev",
    "stability-flags": {
        "ocdladefense/lib-salesforce-rest-api": 20,
        "ocdladefense/lib-database": 20,
        "ocdladefense/lib-drag-drop-upload": 20,
        "ocdladefense/appserver-theme-default": 20,
        "ocdladefense/appserver-directory": 20,
        "ocdladefense/appserver-car": 20,
        "ocdladefense/appserver-jobs": 20,
        "ocdladefense/appserver-sphinx-search": 20,
        "ocdladefense/appserver-xml-products": 20
    },
    "prefer-stable": true,
    "prefer-lowest": false,
    "platform": [],
    "platform-dev": [],
    "plugin-api-version": "2.1.0"
}
