{
    "_readme": [
        "This file locks the dependencies of your project to a known state",
        "Read more about it at https://getcomposer.org/doc/01-basic-usage.md#installing-dependencies",
        "This file is @generated automatically"
    ],
    "content-hash": "017ffcbcda4aeae1e4d2239c0b276607",
    "packages": [
        {
            "name": "composer/installers",
            "version": "v1.12.0",
            "source": {
                "type": "git",
                "url": "https://github.com/composer/installers.git",
                "reference": "d20a64ed3c94748397ff5973488761b22f6d3f19"
            },
            "dist": {
                "type": "zip",
                "url": "https://api.github.com/repos/composer/installers/zipball/d20a64ed3c94748397ff5973488761b22f6d3f19",
                "reference": "d20a64ed3c94748397ff5973488761b22f6d3f19",
                "shasum": ""
            },
            "require": {
                "composer-plugin-api": "^1.0 || ^2.0"
            },
            "replace": {
                "roundcube/plugin-installer": "*",
                "shama/baton": "*"
            },
            "require-dev": {
                "composer/composer": "1.6.* || ^2.0",
                "composer/semver": "^1 || ^3",
                "phpstan/phpstan": "^0.12.55",
                "phpstan/phpstan-phpunit": "^0.12.16",
                "symfony/phpunit-bridge": "^4.2 || ^5",
                "symfony/process": "^2.3"
            },
            "type": "composer-plugin",
            "extra": {
                "class": "Composer\\Installers\\Plugin",
                "branch-alias": {
                    "dev-main": "1.x-dev"
                }
            },
            "autoload": {
                "psr-4": {
                    "Composer\\Installers\\": "src/Composer/Installers"
                }
            },
            "notification-url": "https://packagist.org/downloads/",
            "license": [
                "MIT"
            ],
            "authors": [
                {
                    "name": "Kyle Robinson Young",
                    "email": "kyle@dontkry.com",
                    "homepage": "https://github.com/shama"
                }
            ],
            "description": "A multi-framework Composer library installer",
            "homepage": "https://composer.github.io/installers/",
            "keywords": [
                "Craft",
                "Dolibarr",
                "Eliasis",
                "Hurad",
                "ImageCMS",
                "Kanboard",
                "Lan Management System",
                "MODX Evo",
                "MantisBT",
                "Mautic",
                "Maya",
                "OXID",
                "Plentymarkets",
                "Porto",
                "RadPHP",
                "SMF",
                "Starbug",
                "Thelia",
                "Whmcs",
                "WolfCMS",
                "agl",
                "aimeos",
                "annotatecms",
                "attogram",
                "bitrix",
                "cakephp",
                "chef",
                "cockpit",
                "codeigniter",
                "concrete5",
                "croogo",
                "dokuwiki",
                "drupal",
                "eZ Platform",
                "elgg",
                "expressionengine",
                "fuelphp",
                "grav",
                "installer",
                "itop",
                "joomla",
                "known",
                "kohana",
                "laravel",
                "lavalite",
                "lithium",
                "magento",
                "majima",
                "mako",
                "mediawiki",
                "miaoxing",
                "modulework",
                "modx",
                "moodle",
                "osclass",
                "pantheon",
                "phpbb",
                "piwik",
                "ppi",
                "processwire",
                "puppet",
                "pxcms",
                "reindex",
                "roundcube",
                "shopware",
                "silverstripe",
                "sydes",
                "sylius",
                "symfony",
                "tastyigniter",
                "typo3",
                "wordpress",
                "yawik",
                "zend",
                "zikula"
            ],
            "support": {
                "issues": "https://github.com/composer/installers/issues",
                "source": "https://github.com/composer/installers/tree/v1.12.0"
            },
            "funding": [
                {
                    "url": "https://packagist.com",
                    "type": "custom"
                },
                {
                    "url": "https://github.com/composer",
                    "type": "github"
                },
                {
                    "url": "https://tidelift.com/funding/github/packagist/composer/composer",
                    "type": "tidelift"
                }
            ],
            "time": "2021-09-13T08:19:44+00:00"
        },
        {
            "name": "ocdladefense/appserver-books-online",
            "version": "v1.2",
            "source": {
                "type": "git",
                "url": "https://github.com/ocdladefense/appserver-books-online.git",
                "reference": "f3a62397dbc7872d37a5ebf57ddc6f5701f5033a"
            },
            "dist": {
                "type": "zip",
                "url": "https://api.github.com/repos/ocdladefense/appserver-books-online/zipball/f3a62397dbc7872d37a5ebf57ddc6f5701f5033a",
                "reference": "f3a62397dbc7872d37a5ebf57ddc6f5701f5033a",
                "shasum": ""
            },
            "require": {
                "ocdladefense/lib-date": "~1.0",
                "ocdladefense/lib-php-template": "~1.0",
                "ocdladefense/lib-salesforce": "~1.0",
                "ocdladefense/lib-salesforce-rest-api": "~3.0"
            },
            "type": "wordpress-theme",
            "notification-url": "https://packagist.org/downloads/",
            "license": [
                "MIT"
            ],
            "description": "Module for Books Online-related functionality.",
            "support": {
                "issues": "https://github.com/ocdladefense/appserver-books-online/issues",
                "source": "https://github.com/ocdladefense/appserver-books-online/tree/v1.2"
            },
            "time": "2022-03-03T22:33:55+00:00"
        },
        {
            "name": "ocdladefense/appserver-car",
            "version": "v3.3.4",
            "source": {
                "type": "git",
                "url": "https://github.com/ocdladefense/appserver-car.git",
                "reference": "9b43ea083844d0dfc6850e9ec0d055805b6dfb41"
            },
            "dist": {
                "type": "zip",
                "url": "https://api.github.com/repos/ocdladefense/appserver-car/zipball/9b43ea083844d0dfc6850e9ec0d055805b6dfb41",
                "reference": "9b43ea083844d0dfc6850e9ec0d055805b6dfb41",
                "shasum": ""
            },
            "require": {
                "ocdladefense/lib-database": "dev-development"
            },
            "type": "wordpress-theme",
            "notification-url": "https://packagist.org/downloads/",
            "license": [
                "MIT"
            ],
            "authors": [
                {
                    "name": "TrevorUehlin",
                    "email": "trevoruehlinx1@gmail.com"
                }
            ],
            "description": "A module for viewing and managing case review data.",
            "support": {
                "issues": "https://github.com/ocdladefense/appserver-car/issues",
                "source": "https://github.com/ocdladefense/appserver-car/tree/v3.3.4"
            },
            "time": "2022-02-28T19:07:25+00:00"
        },
        {
            "name": "ocdladefense/appserver-directory",
            "version": "v1.4",
            "source": {
                "type": "git",
                "url": "https://github.com/ocdladefense/appserver-directory.git",
                "reference": "6671d111655d0e65aece697b4b3a901af4696024"
            },
            "dist": {
                "type": "zip",
                "url": "https://api.github.com/repos/ocdladefense/appserver-directory/zipball/6671d111655d0e65aece697b4b3a901af4696024",
                "reference": "6671d111655d0e65aece697b4b3a901af4696024",
                "shasum": ""
            },
            "require": {
                "ocdladefense/lib-salesforce": "~1.0",
                "ocdladefense/lib-salesforce-rest-api": "~3.0"
            },
            "type": "wordpress-theme",
            "notification-url": "https://packagist.org/downloads/",
            "license": [
                "MIT"
            ],
            "authors": [
                {
                    "name": "TrevorUehlin",
                    "email": "trevoruehlinx1@gmail.com"
                }
            ],
            "description": "A module for viewing member and expert witnesses within the OCDLA orginization.",
            "support": {
                "issues": "https://github.com/ocdladefense/appserver-directory/issues",
                "source": "https://github.com/ocdladefense/appserver-directory/tree/v1.4"
            },
            "time": "2022-03-02T17:23:54+00:00"
        },
        {
            "name": "ocdladefense/appserver-jobs",
            "version": "v1.3",
            "source": {
                "type": "git",
                "url": "https://github.com/ocdladefense/appserver-jobs.git",
                "reference": "85e9dffc38e3fa854de06eacc27bd883f14efb43"
            },
            "dist": {
                "type": "zip",
                "url": "https://api.github.com/repos/ocdladefense/appserver-jobs/zipball/85e9dffc38e3fa854de06eacc27bd883f14efb43",
                "reference": "85e9dffc38e3fa854de06eacc27bd883f14efb43",
                "shasum": ""
            },
            "require": {
                "ocdladefense/lib-salesforce": "~1.0",
                "ocdladefense/lib-salesforce-rest-api": "~3.0"
            },
            "type": "wordpress-theme",
            "notification-url": "https://packagist.org/downloads/",
            "license": [
                "MIT"
            ],
            "authors": [
                {
                    "name": "TrevorUehlin",
                    "email": "trevoruehlinx1@gmail.com"
                }
            ],
            "description": "A module for viewing and managing OCDLA job postings.",
            "support": {
                "issues": "https://github.com/ocdladefense/appserver-jobs/issues",
                "source": "https://github.com/ocdladefense/appserver-jobs/tree/v1.3"
            },
            "time": "2022-03-02T16:47:12+00:00"
        },
        {
            "name": "ocdladefense/appserver-sphinx-search",
            "version": "dev-development",
            "source": {
                "type": "git",
                "url": "https://github.com/ocdladefense/appserver-sphinx-search.git",
                "reference": "2f8d3f9ae4e35f5d181205fa05071987cb496dc5"
            },
            "dist": {
                "type": "zip",
                "url": "https://api.github.com/repos/ocdladefense/appserver-sphinx-search/zipball/2f8d3f9ae4e35f5d181205fa05071987cb496dc5",
                "reference": "2f8d3f9ae4e35f5d181205fa05071987cb496dc5",
                "shasum": ""
            },
            "require": {
                "ocdladefense/lib-sphinx-search": "dev-development"
            },
            "type": "wordpress-theme",
            "notification-url": "https://packagist.org/downloads/",
            "description": "Module to implement the Sphinx fulltext search engine.",
            "support": {
                "issues": "https://github.com/ocdladefense/appserver-sphinx-search/issues",
                "source": "https://github.com/ocdladefense/appserver-sphinx-search/tree/development"
            },
            "time": "2022-03-03T23:01:50+00:00"
        },
        {
            "name": "ocdladefense/appserver-theme-default",
            "version": "v1.7.3",
            "source": {
                "type": "git",
                "url": "https://github.com/ocdladefense/appserver-theme-default.git",
                "reference": "3b048a8e08fb897b2d7c6499641d8a326011bfb3"
            },
            "dist": {
                "type": "zip",
                "url": "https://api.github.com/repos/ocdladefense/appserver-theme-default/zipball/3b048a8e08fb897b2d7c6499641d8a326011bfb3",
                "reference": "3b048a8e08fb897b2d7c6499641d8a326011bfb3",
                "shasum": ""
            },
            "type": "wordpress-theme",
            "notification-url": "https://packagist.org/downloads/",
            "license": [
                "MIT"
            ],
            "authors": [
                {
                    "name": "Jose Bernal",
                    "email": "jbernal.web.dev@gmail.com"
                }
            ],
            "description": "A default theme for the OCDLA appserver.",
            "support": {
                "issues": "https://github.com/ocdladefense/appserver-theme-default/issues",
                "source": "https://github.com/ocdladefense/appserver-theme-default/tree/v1.7.3"
            },
            "time": "2022-02-24T18:25:27+00:00"
        },
        {
            "name": "ocdladefense/appserver-xml-products",
            "version": "v1.0",
            "source": {
                "type": "git",
                "url": "https://github.com/ocdladefense/appserver-xml-products.git",
                "reference": "1ecb1efc6689101f48426027e22d730a40d1fbd3"
            },
            "dist": {
                "type": "zip",
                "url": "https://api.github.com/repos/ocdladefense/appserver-xml-products/zipball/1ecb1efc6689101f48426027e22d730a40d1fbd3",
                "reference": "1ecb1efc6689101f48426027e22d730a40d1fbd3",
                "shasum": ""
            },
            "type": "wordpress-theme",
            "notification-url": "https://packagist.org/downloads/",
            "license": [
                "MIT"
            ],
            "support": {
                "issues": "https://github.com/ocdladefense/appserver-xml-products/issues",
                "source": "https://github.com/ocdladefense/appserver-xml-products/tree/v1.0"
            },
            "time": "2022-03-01T23:03:41+00:00"
        },
        {
            "name": "ocdladefense/lib-database",
            "version": "dev-development",
            "source": {
                "type": "git",
                "url": "https://github.com/ocdladefense/lib-database.git",
                "reference": "dcfb32be30466ffb584a682cd6a4bd4a96345448"
            },
            "dist": {
                "type": "zip",
                "url": "https://api.github.com/repos/ocdladefense/lib-database/zipball/dcfb32be30466ffb584a682cd6a4bd4a96345448",
                "reference": "dcfb32be30466ffb584a682cd6a4bd4a96345448",
                "shasum": ""
            },
            "type": "library",
            "autoload": {
                "files": [
                    "mysql/Database.php",
                    "QueryBuilderBase.php",
                    "DbException.php",
                    "IDbResult.php",
                    "QueryException.php"
                ],
                "classmap": [
                    "mysql/",
                    "salesforce/"
                ]
            },
            "notification-url": "https://packagist.org/downloads/",
            "description": "A PHP databse library.",
            "support": {
                "issues": "https://github.com/ocdladefense/lib-database/issues",
                "source": "https://github.com/ocdladefense/lib-database/tree/development"
            },
            "time": "2022-01-26T22:22:03+00:00"
        },
        {
            "name": "ocdladefense/lib-date",
            "version": "v1.0",
            "source": {
                "type": "git",
                "url": "https://github.com/ocdladefense/lib-date.git",
                "reference": "fef236b627fb337f20e84c44079fb8ca67dcb967"
            },
            "dist": {
                "type": "zip",
                "url": "https://api.github.com/repos/ocdladefense/lib-date/zipball/fef236b627fb337f20e84c44079fb8ca67dcb967",
                "reference": "fef236b627fb337f20e84c44079fb8ca67dcb967",
                "shasum": ""
            },
            "type": "library",
            "autoload": {
                "classmap": [
                    "src/"
                ]
            },
            "notification-url": "https://packagist.org/downloads/",
            "description": "Library for using Dates as types.",
            "support": {
                "issues": "https://github.com/ocdladefense/lib-date/issues",
                "source": "https://github.com/ocdladefense/lib-date/tree/v1.0"
            },
            "time": "2022-02-28T16:28:22+00:00"
        },
        {
            "name": "ocdladefense/lib-drag-drop-upload",
            "version": "dev-development",
            "source": {
                "type": "git",
                "url": "https://github.com/ocdladefense/lib-drag-drop-upload.git",
                "reference": "2e2ff08cd6cba16c26808dbe81326700a6c32f40"
            },
            "dist": {
                "type": "zip",
                "url": "https://api.github.com/repos/ocdladefense/lib-drag-drop-upload/zipball/2e2ff08cd6cba16c26808dbe81326700a6c32f40",
                "reference": "2e2ff08cd6cba16c26808dbe81326700a6c32f40",
                "shasum": ""
            },
            "require": {
                "composer/installers": "~1.0"
            },
            "type": "library",
            "notification-url": "https://packagist.org/downloads/",
            "authors": [
                {
                    "name": "Trevor Uehlin",
                    "email": "trevoruehlinx1@gmail.com"
                }
            ],
            "description": "A drag and drop file uploader.",
            "support": {
                "issues": "https://github.com/ocdladefense/lib-drag-drop-upload/issues",
                "source": "https://github.com/ocdladefense/lib-drag-drop-upload/tree/development"
            },
            "time": "2021-08-18T20:39:00+00:00"
        },
        {
            "name": "ocdladefense/lib-http",
            "version": "v3.6.5",
            "source": {
                "type": "git",
                "url": "https://github.com/ocdladefense/lib-http.git",
                "reference": "bd7cb2cdd418a68c102985ef03b6f077d53876c2"
            },
            "dist": {
                "type": "zip",
                "url": "https://api.github.com/repos/ocdladefense/lib-http/zipball/bd7cb2cdd418a68c102985ef03b6f077d53876c2",
                "reference": "bd7cb2cdd418a68c102985ef03b6f077d53876c2",
                "shasum": ""
            },
            "type": "library",
            "autoload": {
                "files": [
                    "src/HttpConstants.php"
                ],
                "classmap": [
                    "src/"
                ]
            },
            "notification-url": "https://packagist.org/downloads/",
            "license": [
                "MIT"
            ],
            "authors": [
                {
                    "name": "Jose Bernal",
                    "email": "jbernal.web.dev@gmail.com"
                }
            ],
            "description": "PHP wrapper classes for curl functions.",
            "support": {
                "issues": "https://github.com/ocdladefense/lib-http/issues",
                "source": "https://github.com/ocdladefense/lib-http/tree/v3.6.5"
            },
            "time": "2022-03-02T02:18:13+00:00"
        },
        {
            "name": "ocdladefense/lib-oauth-config",
            "version": "v2.1.1",
            "source": {
                "type": "git",
                "url": "https://github.com/ocdladefense/lib-oauth-config.git",
                "reference": "0156d8208ae2a48ae238cd6c71b2b40bde7ef89b"
            },
            "dist": {
                "type": "zip",
                "url": "https://api.github.com/repos/ocdladefense/lib-oauth-config/zipball/0156d8208ae2a48ae238cd6c71b2b40bde7ef89b",
                "reference": "0156d8208ae2a48ae238cd6c71b2b40bde7ef89b",
                "shasum": ""
            },
            "require": {
                "composer/installers": "~1.0"
            },
            "type": "library",
            "autoload": {
                "classmap": [
                    "src/"
                ]
            },
            "notification-url": "https://packagist.org/downloads/",
            "description": "Classes to enable parsing of oauth schemas.",
            "support": {
                "issues": "https://github.com/ocdladefense/lib-oauth-config/issues",
                "source": "https://github.com/ocdladefense/lib-oauth-config/tree/v2.1.1"
            },
            "time": "2021-04-20T21:19:09+00:00"
        },
        {
            "name": "ocdladefense/lib-php-template",
            "version": "v1.0",
            "source": {
                "type": "git",
                "url": "https://github.com/ocdladefense/lib-php-template.git",
                "reference": "80892a2b287952a0065ae6f2ac87f327aca90110"
            },
            "dist": {
                "type": "zip",
                "url": "https://api.github.com/repos/ocdladefense/lib-php-template/zipball/80892a2b287952a0065ae6f2ac87f327aca90110",
                "reference": "80892a2b287952a0065ae6f2ac87f327aca90110",
                "shasum": ""
            },
            "type": "library",
            "notification-url": "https://packagist.org/downloads/",
            "authors": [
                {
                    "name": "Jose Bernal",
                    "email": "jbernal.web.dev@gmail.com"
                }
            ],
            "support": {
                "issues": "https://github.com/ocdladefense/lib-php-template/issues",
                "source": "https://github.com/ocdladefense/lib-php-template/tree/v1.0"
            },
            "time": "2022-02-28T16:33:09+00:00"
        },
        {
            "name": "ocdladefense/lib-salesforce",
            "version": "v1.0",
            "source": {
                "type": "git",
                "url": "https://github.com/ocdladefense/lib-salesforce-sobject.git",
                "reference": "41aa51ac4ac4586a5823ff0c6009e14311a1a3b3"
            },
            "dist": {
                "type": "zip",
                "url": "https://api.github.com/repos/ocdladefense/lib-salesforce-sobject/zipball/41aa51ac4ac4586a5823ff0c6009e14311a1a3b3",
                "reference": "41aa51ac4ac4586a5823ff0c6009e14311a1a3b3",
                "shasum": ""
            },
            "type": "library",
            "autoload": {
                "classmap": [
                    "src/"
                ]
            },
            "notification-url": "https://packagist.org/downloads/",
            "license": [
                "MIT"
            ],
            "authors": [
                {
                    "name": "Jose Bernal",
                    "email": "jbernal.web.dev@gmail.com"
                }
            ],
            "description": "PHP wrapper classes for SObjects functions.",
            "support": {
                "issues": "https://github.com/ocdladefense/lib-salesforce-sobject/issues",
                "source": "https://github.com/ocdladefense/lib-salesforce-sobject/tree/v1.0"
            },
            "time": "2022-03-02T16:27:58+00:00"
        },
        {
            "name": "ocdladefense/lib-salesforce-rest-api",
            "version": "v3.7",
            "source": {
                "type": "git",
                "url": "https://github.com/ocdladefense/lib-salesforce-rest-api.git",
                "reference": "bc7cf2b2ac542826114682baf0f3dd15d00513e6"
            },
            "dist": {
                "type": "zip",
                "url": "https://api.github.com/repos/ocdladefense/lib-salesforce-rest-api/zipball/bc7cf2b2ac542826114682baf0f3dd15d00513e6",
                "reference": "bc7cf2b2ac542826114682baf0f3dd15d00513e6",
                "shasum": ""
            },
            "require": {
                "ocdladefense/lib-http": "~3.0",
                "ocdladefense/lib-oauth-config": "~2.0"
            },
            "type": "library",
            "autoload": {
                "classmap": [
                    "src/",
                    "models/"
                ]
            },
            "notification-url": "https://packagist.org/downloads/",
            "description": "OCDLA plugin accesses.",
            "support": {
                "issues": "https://github.com/ocdladefense/lib-salesforce-rest-api/issues",
                "source": "https://github.com/ocdladefense/lib-salesforce-rest-api/tree/v3.7"
            },
            "time": "2022-02-21T21:47:43+00:00"
        },
        {
            "name": "ocdladefense/lib-sphinx-search",
            "version": "dev-development",
            "source": {
                "type": "git",
                "url": "https://github.com/ocdladefense/lib-sphinx-search.git",
                "reference": "4b7ab22ca39ae0fcc882296d74248c0102bd4f5e"
            },
            "dist": {
                "type": "zip",
                "url": "https://api.github.com/repos/ocdladefense/lib-sphinx-search/zipball/4b7ab22ca39ae0fcc882296d74248c0102bd4f5e",
                "reference": "4b7ab22ca39ae0fcc882296d74248c0102bd4f5e",
                "shasum": ""
            },
            "type": "library",
            "autoload": {
                "files": [
                    "lib/sphinxapi.php"
                ],
                "classmap": [
                    "src/"
                ]
            },
            "notification-url": "https://packagist.org/downloads/",
            "license": [
                "MIT"
            ],
            "authors": [
                {
                    "name": "Jose Bernal",
                    "email": "jbernal.web.dev@gmail.com"
                }
            ],
            "description": "PHP wrapper classes for performing Sphinx fulltext searches.",
            "support": {
                "issues": "https://github.com/ocdladefense/lib-sphinx-search/issues",
                "source": "https://github.com/ocdladefense/lib-sphinx-search/tree/development"
            },
            "time": "2022-02-16T21:22:33+00:00"
        }
    ],
    "packages-dev": [],
    "aliases": [],
    "minimum-stability": "dev",
    "stability-flags": {
        "ocdladefense/lib-database": 20,
        "ocdladefense/lib-drag-drop-upload": 20,
        "ocdladefense/appserver-sphinx-search": 20
    },
    "prefer-stable": true,
    "prefer-lowest": false,
    "platform": [],
    "platform-dev": [],
    "plugin-api-version": "2.1.0"
}
