{
    "_readme": [
        "This file locks the dependencies of your project to a known state",
        "Read more about it at https://getcomposer.org/doc/01-basic-usage.md#installing-dependencies",
        "This file is @generated automatically"
    ],
    "content-hash": "d3db4f8740962d27b9901d980ac1e989",
    "packages": [
        {
            "name": "composer/installers",
            "version": "v1.12.0",
            "source": {
                "type": "git",
                "url": "https://github.com/composer/installers.git",
                "reference": "d20a64ed3c94748397ff5973488761b22f6d3f19"
            },
            "dist": {
                "type": "zip",
                "url": "https://api.github.com/repos/composer/installers/zipball/d20a64ed3c94748397ff5973488761b22f6d3f19",
                "reference": "d20a64ed3c94748397ff5973488761b22f6d3f19",
                "shasum": ""
            },
            "require": {
                "composer-plugin-api": "^1.0 || ^2.0"
            },
            "replace": {
                "roundcube/plugin-installer": "*",
                "shama/baton": "*"
            },
            "require-dev": {
                "composer/composer": "1.6.* || ^2.0",
                "composer/semver": "^1 || ^3",
                "phpstan/phpstan": "^0.12.55",
                "phpstan/phpstan-phpunit": "^0.12.16",
                "symfony/phpunit-bridge": "^4.2 || ^5",
                "symfony/process": "^2.3"
            },
            "type": "composer-plugin",
            "extra": {
                "class": "Composer\\Installers\\Plugin",
                "branch-alias": {
                    "dev-main": "1.x-dev"
                }
            },
            "autoload": {
                "psr-4": {
                    "Composer\\Installers\\": "src/Composer/Installers"
                }
            },
            "notification-url": "https://packagist.org/downloads/",
            "license": [
                "MIT"
            ],
            "authors": [
                {
                    "name": "Kyle Robinson Young",
                    "email": "kyle@dontkry.com",
                    "homepage": "https://github.com/shama"
                }
            ],
            "description": "A multi-framework Composer library installer",
            "homepage": "https://composer.github.io/installers/",
            "keywords": [
                "Craft",
                "Dolibarr",
                "Eliasis",
                "Hurad",
                "ImageCMS",
                "Kanboard",
                "Lan Management System",
                "MODX Evo",
                "MantisBT",
                "Mautic",
                "Maya",
                "OXID",
                "Plentymarkets",
                "Porto",
                "RadPHP",
                "SMF",
                "Starbug",
                "Thelia",
                "Whmcs",
                "WolfCMS",
                "agl",
                "aimeos",
                "annotatecms",
                "attogram",
                "bitrix",
                "cakephp",
                "chef",
                "cockpit",
                "codeigniter",
                "concrete5",
                "croogo",
                "dokuwiki",
                "drupal",
                "eZ Platform",
                "elgg",
                "expressionengine",
                "fuelphp",
                "grav",
                "installer",
                "itop",
                "joomla",
                "known",
                "kohana",
                "laravel",
                "lavalite",
                "lithium",
                "magento",
                "majima",
                "mako",
                "mediawiki",
                "miaoxing",
                "modulework",
                "modx",
                "moodle",
                "osclass",
                "pantheon",
                "phpbb",
                "piwik",
                "ppi",
                "processwire",
                "puppet",
                "pxcms",
                "reindex",
                "roundcube",
                "shopware",
                "silverstripe",
                "sydes",
                "sylius",
                "symfony",
                "tastyigniter",
                "typo3",
                "wordpress",
                "yawik",
                "zend",
                "zikula"
            ],
            "support": {
                "issues": "https://github.com/composer/installers/issues",
                "source": "https://github.com/composer/installers/tree/v1.12.0"
            },
            "funding": [
                {
                    "url": "https://packagist.com",
                    "type": "custom"
                },
                {
                    "url": "https://github.com/composer",
                    "type": "github"
                },
                {
                    "url": "https://tidelift.com/funding/github/packagist/composer/composer",
                    "type": "tidelift"
                }
            ],
            "time": "2021-09-13T08:19:44+00:00"
        },
        {
            "name": "ocdladefense/appserver-car",
            "version": "dev-development",
            "source": {
                "type": "git",
                "url": "https://github.com/ocdladefense/appserver-car.git",
                "reference": "156e33287716322a6bc66df3a981ca9d883d0125"
            },
            "dist": {
                "type": "zip",
                "url": "https://api.github.com/repos/ocdladefense/appserver-car/zipball/156e33287716322a6bc66df3a981ca9d883d0125",
                "reference": "156e33287716322a6bc66df3a981ca9d883d0125",
                "shasum": ""
            },
            "require": {
                "ocdladefense/lib-database": "dev-development",
                "ocdladefense/lib-date": "dev-development",
                "ocdladefense/lib-gis": "dev-development"
            },
            "default-branch": true,
            "type": "wordpress-theme",
            "autoload": {
                "classmap": [
                    "components/"
                ]
            },
            "notification-url": "https://packagist.org/downloads/",
            "license": [
                "MIT"
            ],
            "authors": [
                {
                    "name": "TrevorUehlin",
                    "email": "trevoruehlinx1@gmail.com"
                }
            ],
            "description": "A module for viewing and managing case review data.",
            "support": {
                "issues": "https://github.com/ocdladefense/appserver-car/issues",
                "source": "https://github.com/ocdladefense/appserver-car/tree/development"
            },
            "time": "2022-03-17T00:27:00+00:00"
        },
        {
            "name": "ocdladefense/appserver-directory",
            "version": "dev-development",
            "source": {
                "type": "git",
                "url": "https://github.com/ocdladefense/appserver-directory.git",
                "reference": "83d599e90f595832403dc820785c20c966d6d8ab"
            },
            "dist": {
                "type": "zip",
                "url": "https://api.github.com/repos/ocdladefense/appserver-directory/zipball/83d599e90f595832403dc820785c20c966d6d8ab",
                "reference": "83d599e90f595832403dc820785c20c966d6d8ab",
                "shasum": ""
            },
            "require": {
                "ocdladefense/lib-salesforce": "dev-development",
                "ocdladefense/lib-salesforce-rest-api": "dev-development"
            },
            "type": "wordpress-theme",
            "notification-url": "https://packagist.org/downloads/",
            "license": [
                "MIT"
            ],
            "authors": [
                {
                    "name": "TrevorUehlin",
                    "email": "trevoruehlinx1@gmail.com"
                }
            ],
            "description": "A module for viewing member and expert witnesses within the OCDLA orginization.",
            "support": {
                "issues": "https://github.com/ocdladefense/appserver-directory/issues",
                "source": "https://github.com/ocdladefense/appserver-directory/tree/development"
            },
            "time": "2022-03-10T22:11:50+00:00"
        },
        {
            "name": "ocdladefense/appserver-jobs",
            "version": "dev-development",
            "source": {
                "type": "git",
                "url": "https://github.com/ocdladefense/appserver-jobs.git",
                "reference": "62625690d7e864b1eaea169cf0e480a7f21ebf7a"
            },
            "dist": {
                "type": "zip",
                "url": "https://api.github.com/repos/ocdladefense/appserver-jobs/zipball/62625690d7e864b1eaea169cf0e480a7f21ebf7a",
                "reference": "62625690d7e864b1eaea169cf0e480a7f21ebf7a",
                "shasum": ""
            },
            "require": {
                "ocdladefense/lib-salesforce": "dev-development",
                "ocdladefense/lib-salesforce-rest-api": "dev-development"
            },
            "type": "wordpress-theme",
            "notification-url": "https://packagist.org/downloads/",
            "license": [
                "MIT"
            ],
            "authors": [
                {
                    "name": "TrevorUehlin",
                    "email": "trevoruehlinx1@gmail.com"
                }
            ],
            "description": "A module for viewing and managing OCDLA job postings.",
            "support": {
                "issues": "https://github.com/ocdladefense/appserver-jobs/issues",
                "source": "https://github.com/ocdladefense/appserver-jobs/tree/development"
            },
            "time": "2022-03-10T22:01:04+00:00"
        },
        {
            "name": "ocdladefense/appserver-mail-client",
            "version": "dev-development",
            "source": {
                "type": "git",
                "url": "https://github.com/ocdladefense/appserver-mail-client.git",
                "reference": "257b06ee5a66ba028d49b333fef34c0213a6de6f"
            },
            "dist": {
                "type": "zip",
                "url": "https://api.github.com/repos/ocdladefense/appserver-mail-client/zipball/257b06ee5a66ba028d49b333fef34c0213a6de6f",
                "reference": "257b06ee5a66ba028d49b333fef34c0213a6de6f",
                "shasum": ""
            },
            "type": "wordpress-theme",
            "notification-url": "https://packagist.org/downloads/",
            "license": [
                "MIT"
            ],
            "description": "A simple mail client.",
            "support": {
                "issues": "https://github.com/ocdladefense/appserver-mail-client/issues",
                "source": "https://github.com/ocdladefense/appserver-mail-client/tree/development"
            },
            "time": "2022-03-17T00:25:50+00:00"
        },
        {
            "name": "ocdladefense/appserver-theme-default",
            "version": "dev-development",
            "source": {
                "type": "git",
                "url": "https://github.com/ocdladefense/appserver-theme-default.git",
                "reference": "9b31d8c75aba15b57d4db907c6b308b4b0ede1fb"
            },
            "dist": {
                "type": "zip",
                "url": "https://api.github.com/repos/ocdladefense/appserver-theme-default/zipball/9b31d8c75aba15b57d4db907c6b308b4b0ede1fb",
                "reference": "9b31d8c75aba15b57d4db907c6b308b4b0ede1fb",
                "shasum": ""
            },
            "type": "wordpress-theme",
            "autoload": {
                "classmap": [
                    "components/"
                ]
            },
            "notification-url": "https://packagist.org/downloads/",
            "license": [
                "MIT"
            ],
            "authors": [
                {
                    "name": "Jose Bernal",
                    "email": "jbernal.web.dev@gmail.com"
                }
            ],
            "description": "A default theme for the OCDLA appserver.",
            "support": {
                "issues": "https://github.com/ocdladefense/appserver-theme-default/issues",
                "source": "https://github.com/ocdladefense/appserver-theme-default/tree/development"
            },
            "time": "2022-03-11T21:50:55+00:00"
        },
        {
            "name": "ocdladefense/lib-database",
            "version": "dev-development",
            "source": {
                "type": "git",
                "url": "https://github.com/ocdladefense/lib-database.git",
                "reference": "317b5b194f5fb83076954abc96d7e87b812982bd"
            },
            "dist": {
                "type": "zip",
                "url": "https://api.github.com/repos/ocdladefense/lib-database/zipball/317b5b194f5fb83076954abc96d7e87b812982bd",
                "reference": "317b5b194f5fb83076954abc96d7e87b812982bd",
                "shasum": ""
            },
            "type": "library",
            "autoload": {
                "files": [
                    "mysql/Database.php",
                    "QueryBuilderBase.php",
                    "DbException.php",
                    "IDbResult.php",
                    "QueryException.php"
                ],
                "classmap": [
                    "mysql/",
                    "salesforce/"
                ]
            },
            "notification-url": "https://packagist.org/downloads/",
            "description": "A PHP databse library.",
            "support": {
                "issues": "https://github.com/ocdladefense/lib-database/issues",
                "source": "https://github.com/ocdladefense/lib-database/tree/development"
            },
            "time": "2022-03-15T21:40:14+00:00"
        },
        {
            "name": "ocdladefense/lib-date",
            "version": "dev-development",
            "source": {
                "type": "git",
                "url": "https://github.com/ocdladefense/lib-date.git",
                "reference": "0043bdc957aee81da8d18fa648f834419585ca25"
            },
            "dist": {
                "type": "zip",
                "url": "https://api.github.com/repos/ocdladefense/lib-date/zipball/0043bdc957aee81da8d18fa648f834419585ca25",
                "reference": "0043bdc957aee81da8d18fa648f834419585ca25",
                "shasum": ""
            },
            "type": "library",
            "autoload": {
                "classmap": [
                    "src/"
                ]
            },
            "notification-url": "https://packagist.org/downloads/",
            "description": "Library for using Dates as types.",
            "support": {
                "issues": "https://github.com/ocdladefense/lib-date/issues",
                "source": "https://github.com/ocdladefense/lib-date/tree/development"
            },
            "time": "2022-03-05T21:01:25+00:00"
        },
        {
            "name": "ocdladefense/lib-drag-drop-upload",
            "version": "dev-development",
            "source": {
                "type": "git",
                "url": "https://github.com/ocdladefense/lib-drag-drop-upload.git",
                "reference": "2e2ff08cd6cba16c26808dbe81326700a6c32f40"
            },
            "dist": {
                "type": "zip",
                "url": "https://api.github.com/repos/ocdladefense/lib-drag-drop-upload/zipball/2e2ff08cd6cba16c26808dbe81326700a6c32f40",
                "reference": "2e2ff08cd6cba16c26808dbe81326700a6c32f40",
                "shasum": ""
            },
            "require": {
                "composer/installers": "~1.0"
            },
            "type": "library",
            "notification-url": "https://packagist.org/downloads/",
            "authors": [
                {
                    "name": "Trevor Uehlin",
                    "email": "trevoruehlinx1@gmail.com"
                }
            ],
            "description": "A drag and drop file uploader.",
            "support": {
                "issues": "https://github.com/ocdladefense/lib-drag-drop-upload/issues",
                "source": "https://github.com/ocdladefense/lib-drag-drop-upload/tree/development"
            },
            "time": "2021-08-18T20:39:00+00:00"
        },
        {
            "name": "ocdladefense/lib-gis",
            "version": "dev-development",
            "source": {
                "type": "git",
                "url": "https://github.com/ocdladefense/lib-gis.git",
                "reference": "fe391a9a05886f65541a5c640f488c56a0658d05"
            },
            "dist": {
                "type": "zip",
                "url": "https://api.github.com/repos/ocdladefense/lib-gis/zipball/fe391a9a05886f65541a5c640f488c56a0658d05",
                "reference": "fe391a9a05886f65541a5c640f488c56a0658d05",
                "shasum": ""
            },
            "type": "library",
            "autoload": {
                "classmap": [
                    "src/"
                ]
            },
            "notification-url": "https://packagist.org/downloads/",
            "description": "GIS data, especialy for Oregon.",
            "support": {
                "issues": "https://github.com/ocdladefense/lib-gis/issues",
                "source": "https://github.com/ocdladefense/lib-gis/tree/development"
            },
            "time": "2022-03-08T21:19:53+00:00"
        },
        {
            "name": "ocdladefense/lib-html",
            "version": "dev-development",
            "source": {
                "type": "git",
                "url": "https://github.com/ocdladefense/lib-html.git",
                "reference": "67a1b3d28d8eac5ec1c8e8cc71b39f13461779ac"
            },
            "dist": {
                "type": "zip",
                "url": "https://api.github.com/repos/ocdladefense/lib-html/zipball/67a1b3d28d8eac5ec1c8e8cc71b39f13461779ac",
                "reference": "67a1b3d28d8eac5ec1c8e8cc71b39f13461779ac",
                "shasum": ""
            },
            "type": "library",
            "autoload": {
                "files": [
                    "src/Html.php",
                    "src/Form.php"
                ]
            },
            "notification-url": "https://packagist.org/downloads/",
            "description": "Library for representing and rendering HTML elements.",
            "support": {
                "issues": "https://github.com/ocdladefense/lib-html/issues",
                "source": "https://github.com/ocdladefense/lib-html/tree/development"
            },
            "time": "2022-03-17T00:21:49+00:00"
        },
        {
            "name": "ocdladefense/lib-http",
            "version": "v3.6.5",
            "source": {
                "type": "git",
                "url": "https://github.com/ocdladefense/lib-http.git",
                "reference": "bd7cb2cdd418a68c102985ef03b6f077d53876c2"
            },
            "dist": {
                "type": "zip",
                "url": "https://api.github.com/repos/ocdladefense/lib-http/zipball/bd7cb2cdd418a68c102985ef03b6f077d53876c2",
                "reference": "bd7cb2cdd418a68c102985ef03b6f077d53876c2",
                "shasum": ""
            },
            "type": "library",
            "autoload": {
                "files": [
                    "src/HttpConstants.php"
                ],
                "classmap": [
                    "src/"
                ]
            },
            "notification-url": "https://packagist.org/downloads/",
            "license": [
                "MIT"
            ],
            "authors": [
                {
                    "name": "Jose Bernal",
                    "email": "jbernal.web.dev@gmail.com"
                }
            ],
            "description": "PHP wrapper classes for curl functions.",
            "support": {
                "issues": "https://github.com/ocdladefense/lib-http/issues",
                "source": "https://github.com/ocdladefense/lib-http/tree/v3.6.5"
            },
            "time": "2022-03-02T02:18:13+00:00"
        },
        {
            "name": "ocdladefense/lib-oauth-config",
            "version": "v2.1.1",
            "source": {
                "type": "git",
                "url": "https://github.com/ocdladefense/lib-oauth-config.git",
                "reference": "0156d8208ae2a48ae238cd6c71b2b40bde7ef89b"
            },
            "dist": {
                "type": "zip",
                "url": "https://api.github.com/repos/ocdladefense/lib-oauth-config/zipball/0156d8208ae2a48ae238cd6c71b2b40bde7ef89b",
                "reference": "0156d8208ae2a48ae238cd6c71b2b40bde7ef89b",
                "shasum": ""
            },
            "require": {
                "composer/installers": "~1.0"
            },
            "type": "library",
            "autoload": {
                "classmap": [
                    "src/"
                ]
            },
            "notification-url": "https://packagist.org/downloads/",
            "description": "Classes to enable parsing of oauth schemas.",
            "support": {
                "issues": "https://github.com/ocdladefense/lib-oauth-config/issues",
                "source": "https://github.com/ocdladefense/lib-oauth-config/tree/v2.1.1"
            },
            "time": "2021-04-20T21:19:09+00:00"
        },
        {
            "name": "ocdladefense/lib-salesforce",
            "version": "dev-development",
            "source": {
                "type": "git",
                "url": "https://github.com/ocdladefense/lib-salesforce-sobject.git",
                "reference": "41aa51ac4ac4586a5823ff0c6009e14311a1a3b3"
            },
            "dist": {
                "type": "zip",
                "url": "https://api.github.com/repos/ocdladefense/lib-salesforce-sobject/zipball/41aa51ac4ac4586a5823ff0c6009e14311a1a3b3",
                "reference": "41aa51ac4ac4586a5823ff0c6009e14311a1a3b3",
                "shasum": ""
            },
            "type": "library",
            "autoload": {
                "classmap": [
                    "src/"
                ]
            },
            "notification-url": "https://packagist.org/downloads/",
            "license": [
                "MIT"
            ],
            "authors": [
                {
                    "name": "Jose Bernal",
                    "email": "jbernal.web.dev@gmail.com"
                }
            ],
            "description": "PHP wrapper classes for SObjects functions.",
            "support": {
                "issues": "https://github.com/ocdladefense/lib-salesforce-sobject/issues",
                "source": "https://github.com/ocdladefense/lib-salesforce-sobject/tree/development"
            },
            "time": "2022-03-02T16:27:58+00:00"
        },
        {
            "name": "ocdladefense/lib-salesforce-rest-api",
            "version": "dev-development",
            "source": {
                "type": "git",
                "url": "https://github.com/ocdladefense/lib-salesforce-rest-api.git",
                "reference": "58680ed858d0422a0fc760d4529ea06c9f98e5d4"
            },
            "dist": {
                "type": "zip",
                "url": "https://api.github.com/repos/ocdladefense/lib-salesforce-rest-api/zipball/58680ed858d0422a0fc760d4529ea06c9f98e5d4",
                "reference": "58680ed858d0422a0fc760d4529ea06c9f98e5d4",
                "shasum": ""
            },
            "require": {
                "ocdladefense/lib-http": "~3.0",
                "ocdladefense/lib-oauth-config": "~2.0"
            },
            "type": "library",
            "autoload": {
                "classmap": [
                    "src/",
                    "models/"
                ]
            },
            "notification-url": "https://packagist.org/downloads/",
            "description": "OCDLA plugin accesses.",
            "support": {
                "issues": "https://github.com/ocdladefense/lib-salesforce-rest-api/issues",
                "source": "https://github.com/ocdladefense/lib-salesforce-rest-api/tree/development"
            },
            "time": "2022-02-21T21:47:35+00:00"
        }
    ],
    "packages-dev": [],
    "aliases": [],
    "minimum-stability": "dev",
    "stability-flags": {
        "ocdladefense/lib-salesforce-rest-api": 20,
        "ocdladefense/lib-html": 20,
        "ocdladefense/lib-database": 20,
        "ocdladefense/lib-drag-drop-upload": 20,
        "ocdladefense/appserver-theme-default": 20,
        "ocdladefense/appserver-directory": 20,
        "ocdladefense/appserver-car": 20,
        "ocdladefense/appserver-mail-client": 20,
        "ocdladefense/appserver-jobs": 20
    },
    "prefer-stable": true,
    "prefer-lowest": false,
    "platform": [],
    "platform-dev": [],
    "plugin-api-version": "2.1.0"
}
