{
    "_readme": [
        "This file locks the dependencies of your project to a known state",
        "Read more about it at https://getcomposer.org/doc/01-basic-usage.md#installing-dependencies",
        "This file is @generated automatically"
    ],
    "content-hash": "9dbcaf49ff3ef43213ab56a038acb68c",
    "packages": [
        {
            "name": "composer/installers",
            "version": "v1.7.0",
            "source": {
                "type": "git",
                "url": "https://github.com/composer/installers.git",
                "reference": "141b272484481432cda342727a427dc1e206bfa0"
            },
            "dist": {
                "type": "zip",
                "url": "https://api.github.com/repos/composer/installers/zipball/141b272484481432cda342727a427dc1e206bfa0",
                "reference": "141b272484481432cda342727a427dc1e206bfa0",
                "shasum": ""
            },
            "require": {
                "composer-plugin-api": "^1.0"
            },
            "replace": {
                "roundcube/plugin-installer": "*",
                "shama/baton": "*"
            },
            "require-dev": {
                "composer/composer": "1.0.*@dev",
                "phpunit/phpunit": "^4.8.36"
            },
            "type": "composer-plugin",
            "extra": {
                "class": "Composer\\Installers\\Plugin",
                "branch-alias": {
                    "dev-master": "1.0-dev"
                }
            },
            "autoload": {
                "psr-4": {
                    "Composer\\Installers\\": "src/Composer/Installers"
                }
            },
            "notification-url": "https://packagist.org/downloads/",
            "license": [
                "MIT"
            ],
            "authors": [
                {
                    "name": "Kyle Robinson Young",
                    "email": "kyle@dontkry.com",
                    "homepage": "https://github.com/shama"
                }
            ],
            "description": "A multi-framework Composer library installer",
            "homepage": "https://composer.github.io/installers/",
            "keywords": [
                "Craft",
                "Dolibarr",
                "Eliasis",
                "Hurad",
                "ImageCMS",
                "Kanboard",
                "Lan Management System",
                "MODX Evo",
                "Mautic",
                "Maya",
                "OXID",
                "Plentymarkets",
                "Porto",
                "RadPHP",
                "SMF",
                "Thelia",
                "Whmcs",
                "WolfCMS",
                "agl",
                "aimeos",
                "annotatecms",
                "attogram",
                "bitrix",
                "cakephp",
                "chef",
                "cockpit",
                "codeigniter",
                "concrete5",
                "croogo",
                "dokuwiki",
                "drupal",
                "eZ Platform",
                "elgg",
                "expressionengine",
                "fuelphp",
                "grav",
                "installer",
                "itop",
                "joomla",
                "known",
                "kohana",
                "laravel",
                "lavalite",
                "lithium",
                "magento",
                "majima",
                "mako",
                "mediawiki",
                "modulework",
                "modx",
                "moodle",
                "osclass",
                "phpbb",
                "piwik",
                "ppi",
                "puppet",
                "pxcms",
                "reindex",
                "roundcube",
                "shopware",
                "silverstripe",
                "sydes",
                "symfony",
                "typo3",
                "wordpress",
                "yawik",
                "zend",
                "zikula"
            ],
            "time": "2019-08-12T15:00:31+00:00"
        },
        {
            "name": "trevor-uehlin/authorize-net",
            "version": "dev-master",
            "source": {
                "type": "git",
                "url": "https://github.com/Trevor-Uehlin/authorize-net.git",
                "reference": "1cd7dc287cedffc27dfd082649bcbf03f69a24e8"
            },
            "dist": {
                "type": "zip",
                "url": "https://api.github.com/repos/Trevor-Uehlin/authorize-net/zipball/1cd7dc287cedffc27dfd082649bcbf03f69a24e8",
                "reference": "1cd7dc287cedffc27dfd082649bcbf03f69a24e8",
                "shasum": ""
            },
            "require": {
                "composer/installers": "~1.0"
            },
            "type": "wordpress-theme",
            "notification-url": "https://packagist.org/downloads/",
            "authors": [
                {
                    "name": "Trevor Uehlin",
                    "email": "uehlin.trevor@gmail.com"
                }
            ],
            "description": "An Authorize.net online billing module",
            "time": "2019-10-18T17:08:30+00:00"
        },
        {
            "name": "trevor-uehlin/salesforce",
            "version": "dev-master",
            "source": {
                "type": "git",
                "url": "https://github.com/Trevor-Uehlin/salesforce.git",
                "reference": "c876ee89170f88804d4fe17c7ed5815c8342313e"
            },
            "dist": {
                "type": "zip",
                "url": "https://api.github.com/repos/Trevor-Uehlin/salesforce/zipball/c876ee89170f88804d4fe17c7ed5815c8342313e",
                "reference": "c876ee89170f88804d4fe17c7ed5815c8342313e",
                "shasum": ""
            },
            "require": {
                "composer/installers": "~1.0"
            },
            "type": "wordpress-theme",
            "notification-url": "https://packagist.org/downloads/",
            "authors": [
                {
                    "name": "Trevor Uehlin",
                    "email": "uehlin.trevor@gmail.com"
                }
            ],
            "description": "A module designed to handle interactions with a Salesforce customer database.  Uses \"oAuth\" authentication.",
            "time": "2019-10-17T21:01:03+00:00"
        }
    ],
    "packages-dev": [],
    "aliases": [],
    "minimum-stability": "stable",
    "stability-flags": {
        "trevor-uehlin/salesforce": 20,
        "trevor-uehlin/authorize-net": 20
    },
    "prefer-stable": false,
    "prefer-lowest": false,
    "platform": [],
    "platform-dev": []
}
